
Microsoft Visual Studio Solution File, Format Version 12.00
# Visual Studio 15
VisualStudioVersion = 15.0.28307.779
MinimumVisualStudioVersion = 10.0.40219.1
Project("{FAE04EC0-301F-11D3-BF4B-00C04F79EFBC}") = "TestDemo.UnitTests", "TestDemo.UnitTests\TestDemo.UnitTests.csproj", "{5371E2E3-BB75-4588-9AB7-D933E41669A7}"
EndProject
Project("{FAE04EC0-301F-11D3-BF4B-00C04F79EFBC}") = "TestDemo", "TestDemo\TestDemo.csproj", "{0E46DA2B-3071-497C-B774-19015C283B9D}"
EndProject
Global
	GlobalSection(SolutionConfigurationPlatforms) = preSolution
		Debug|Any CPU = Debug|Any CPU
		Release|Any CPU = Release|Any CPU
	EndGlobalSection
	GlobalSection(ProjectConfigurationPlatforms) = postSolution
		{5371E2E3-BB75-4588-9AB7-D933E41669A7}.Debug|Any CPU.ActiveCfg = Debug|Any CPU
		{5371E2E3-BB75-4588-9AB7-D933E41669A7}.Debug|Any CPU.Build.0 = Debug|Any CPU
		{5371E2E3-BB75-4588-9AB7-D933E41669A7}.Release|Any CPU.ActiveCfg = Release|Any CPU
		{5371E2E3-BB75-4588-9AB7-D933E41669A7}.Release|Any CPU.Build.0 = Release|Any CPU
		{0E46DA2B-3071-497C-B774-19015C283B9D}.Debug|Any CPU.ActiveCfg = Debug|Any CPU
		{0E46DA2B-3071-497C-B774-19015C283B9D}.Debug|Any CPU.Build.0 = Debug|Any CPU
		{0E46DA2B-3071-497C-B774-19015C283B9D}.Release|Any CPU.ActiveCfg = Release|Any CPU
		{0E46DA2B-3071-497C-B774-19015C283B9D}.Release|Any CPU.Build.0 = Release|Any CPU
	EndGlobalSection
	GlobalSection(SolutionProperties) = preSolution
		HideSolutionNode = FALSE
	EndGlobalSection
	GlobalSection(ExtensibilityGlobals) = postSolution
		SolutionGuid = {72D311A1-D03A-49AA-9B44-45E9EF0DD7D5}
	EndGlobalSection
EndGlobal
